{
    "hash": "267e71ca3c5f3b8d8c9e738f45a094e7",
    "packages": [
        {
            "package": "doctrine/common",
            "version": "2.3.x-dev",
            "source-reference": "15b04ec520ccded3dc0eba65b12a69ff1931360f",
            "commit-date": "1342443556"
        },
        {
            "package": "smarty/smarty",
            "version": "dev-trunk",
            "source-reference": "/trunk/@4639"
        },
        {
            "package": "symfony/config",
            "version": "dev-master",
            "source-reference": "v2.1.0-BETA3",
            "commit-date": "1342347231"
        },
        {
            "package": "symfony/dependency-injection",
            "version": "dev-master",
            "source-reference": "v2.1.0-BETA3",
            "commit-date": "1342347231"
        },
        {
            "package": "symfony/event-dispatcher",
            "version": "dev-master",
            "alias-pretty-version": "2.1.x-dev",
            "alias-version": "2.1.9999999.9999999-dev"
        },
        {
            "package": "symfony/event-dispatcher",
            "version": "dev-master",
            "source-reference": "451e0befb42a5552d4e143edcb74e3b4a9733bea",
            "commit-date": "1342739894"
        },
        {
            "package": "symfony/filesystem",
            "version": "dev-master",
            "source-reference": "v2.1.0-BETA3",
            "commit-date": "1342347231"
        },
        {
            "package": "symfony/framework-bundle",
            "version": "dev-master",
            "source-reference": "71d90cc999543aa19cbed1ecdc5c9c5e3980c2a5",
            "commit-date": "1342600793"
        },
        {
            "package": "symfony/http-foundation",
            "version": "dev-master",
            "alias-pretty-version": "2.1.x-dev",
            "alias-version": "2.1.9999999.9999999-dev"
        },
        {
            "package": "symfony/http-foundation",
            "version": "dev-master",
            "source-reference": "06d1636d4ef409cefdf5f987573d76898916c0c8",
            "commit-date": "1342762453"
        },
        {
            "package": "symfony/http-kernel",
            "version": "dev-master",
            "source-reference": "507618b0f3ffb626c81ffc7eda73e4d4f1b7b51a",
            "commit-date": "1342600793"
        },
        {
            "package": "symfony/routing",
            "version": "dev-master",
            "source-reference": "3630f2d08515bbad980c0d654433b6689cf460a2",
            "commit-date": "1342708743"
        },
        {
            "package": "symfony/templating",
            "version": "dev-master",
            "source-reference": "f12b84f58635e7548dfff88ca25ce57eb2044096",
            "commit-date": "1342456146"
        },
        {
            "package": "symfony/translation",
            "version": "dev-master",
            "source-reference": "v2.1.0-BETA3",
            "commit-date": "1342347231"
        }
    ],
    "packages-dev": null,
    "aliases": [

    ],
    "minimum-stability": "dev",
    "stability-flags": [

    ]
}
